
Microsoft Visual Studio Solution File, Format Version 12.00
# Visual Studio Version 17
VisualStudioVersion = 17.0.32014.148
MinimumVisualStudioVersion = 10.0.40219.1
Project("{FAE04EC0-301F-11D3-BF4B-00C04F79EFBC}") = "MultipleJobsFromSagaSample", "MultipleJobsFromSagaSample\MultipleJobsFromSagaSample.csproj", "{37511B3E-60C9-49E6-8A58-C981E2511475}"
EndProject
Global
	GlobalSection(SolutionConfigurationPlatforms) = preSolution
		Debug|Any CPU = Debug|Any CPU
		Release|Any CPU = Release|Any CPU
	EndGlobalSection
	GlobalSection(ProjectConfigurationPlatforms) = postSolution
		{37511B3E-60C9-49E6-8A58-C981E2511475}.Debug|Any CPU.ActiveCfg = Debug|Any CPU
		{37511B3E-60C9-49E6-8A58-C981E2511475}.Debug|Any CPU.Build.0 = Debug|Any CPU
		{37511B3E-60C9-49E6-8A58-C981E2511475}.Release|Any CPU.ActiveCfg = Release|Any CPU
		{37511B3E-60C9-49E6-8A58-C981E2511475}.Release|Any CPU.Build.0 = Release|Any CPU
	EndGlobalSection
	GlobalSection(SolutionProperties) = preSolution
		HideSolutionNode = FALSE
	EndGlobalSection
	GlobalSection(ExtensibilityGlobals) = postSolution
		SolutionGuid = {AEFAF981-A9BC-4956-9BA7-211D79093E16}
	EndGlobalSection
EndGlobal
